
Microsoft Visual Studio Solution File, Format Version 12.00
# Visual Studio Version 16
VisualStudioVersion = 16.0.29318.209
MinimumVisualStudioVersion = 10.0.40219.1
Project("{FAE04EC0-301F-11D3-BF4B-00C04F79EFBC}") = "DotNetMVC", "DotNetMVC\DotNetMVC.csproj", "{9C607203-F703-4729-B551-6E62EB725899}"
EndProject
Project("{FAE04EC0-301F-11D3-BF4B-00C04F79EFBC}") = "DotNetMVC.Tests", "DotNetMVC.Tests\DotNetMVC.Tests.csproj", "{DE5FAB9E-9B68-4245-A700-66FAF3119DDD}"
EndProject
Project("{FAE04EC0-301F-11D3-BF4B-00C04F79EFBC}") = "DotNetCoreReactjs", "DotNetCore\DotNetCoreReactjs.csproj", "{B1FBDCE8-1A8D-47D4-B818-8FCEB5693AE2}"
EndProject
Global
	GlobalSection(SolutionConfigurationPlatforms) = preSolution
		Debug|Any CPU = Debug|Any CPU
		Release|Any CPU = Release|Any CPU
	EndGlobalSection
	GlobalSection(ProjectConfigurationPlatforms) = postSolution
		{9C607203-F703-4729-B551-6E62EB725899}.Debug|Any CPU.ActiveCfg = Debug|Any CPU
		{9C607203-F703-4729-B551-6E62EB725899}.Debug|Any CPU.Build.0 = Debug|Any CPU
		{9C607203-F703-4729-B551-6E62EB725899}.Release|Any CPU.ActiveCfg = Release|Any CPU
		{9C607203-F703-4729-B551-6E62EB725899}.Release|Any CPU.Build.0 = Release|Any CPU
		{DE5FAB9E-9B68-4245-A700-66FAF3119DDD}.Debug|Any CPU.ActiveCfg = Debug|Any CPU
		{DE5FAB9E-9B68-4245-A700-66FAF3119DDD}.Debug|Any CPU.Build.0 = Debug|Any CPU
		{DE5FAB9E-9B68-4245-A700-66FAF3119DDD}.Release|Any CPU.ActiveCfg = Release|Any CPU
		{DE5FAB9E-9B68-4245-A700-66FAF3119DDD}.Release|Any CPU.Build.0 = Release|Any CPU
		{B1FBDCE8-1A8D-47D4-B818-8FCEB5693AE2}.Debug|Any CPU.ActiveCfg = Debug|Any CPU
		{B1FBDCE8-1A8D-47D4-B818-8FCEB5693AE2}.Debug|Any CPU.Build.0 = Debug|Any CPU
		{B1FBDCE8-1A8D-47D4-B818-8FCEB5693AE2}.Release|Any CPU.ActiveCfg = Release|Any CPU
		{B1FBDCE8-1A8D-47D4-B818-8FCEB5693AE2}.Release|Any CPU.Build.0 = Release|Any CPU
	EndGlobalSection
	GlobalSection(SolutionProperties) = preSolution
		HideSolutionNode = FALSE
	EndGlobalSection
	GlobalSection(ExtensibilityGlobals) = postSolution
		SolutionGuid = {39C2ABC6-7AC1-41BF-9DA5-269BDC34AFB2}
	EndGlobalSection
EndGlobal
